// !$*UTF8*$!
{
	archiveVersion = 1;
	classes = {
	};
	objectVersion = 77;
	objects = {

/* Begin PBXBuildFile section */
		01AF80472D77AA1000289AE7 /* Auth in Frameworks */ = {isa = PBXBuildFile; productRef = 01AF80462D77AA1000289AE7 /* Auth */; };
		01AF80492D77AA1000289AE7 /* Functions in Frameworks */ = {isa = PBXBuildFile; productRef = 01AF80482D77AA1000289AE7 /* Functions */; };
		01AF804B2D77AA1000289AE7 /* PostgREST in Frameworks */ = {isa = PBXBuildFile; productRef = 01AF804A2D77AA1000289AE7 /* PostgREST */; };
		01AF804D2D77AA1000289AE7 /* Realtime in Frameworks */ = {isa = PBXBuildFile; productRef = 01AF804C2D77AA1000289AE7 /* Realtime */; };
		01AF804F2D77AA1000289AE7 /* Storage in Frameworks */ = {isa = PBXBuildFile; productRef = 01AF804E2D77AA1000289AE7 /* Storage */; };
		01AF80512D77AA1000289AE7 /* Supabase in Frameworks */ = {isa = PBXBuildFile; productRef = 01AF80502D77AA1000289AE7 /* Supabase */; };
/* End PBXBuildFile section */

/* Begin PBXContainerItemProxy section */
		01AF7ED62D769DB800289AE7 /* PBXContainerItemProxy */ = {
			isa = PBXContainerItemProxy;
			containerPortal = 01AF7EC02D769DB700289AE7 /* Project object */;
			proxyType = 1;
			remoteGlobalIDString = 01AF7EC72D769DB700289AE7;
			remoteInfo = V2;
		};
		01AF7EE02D769DB800289AE7 /* PBXContainerItemProxy */ = {
			isa = PBXContainerItemProxy;
			containerPortal = 01AF7EC02D769DB700289AE7 /* Project object */;
			proxyType = 1;
			remoteGlobalIDString = 01AF7EC72D769DB700289AE7;
			remoteInfo = V2;
		};
/* End PBXContainerItemProxy section */

/* Begin PBXFileReference section */
		01AF7EC82D769DB700289AE7 /* V2.app */ = {isa = PBXFileReference; explicitFileType = wrapper.application; includeInIndex = 0; path = V2.app; sourceTree = BUILT_PRODUCTS_DIR; };
		01AF7ED52D769DB800289AE7 /* V2Tests.xctest */ = {isa = PBXFileReference; explicitFileType = wrapper.cfbundle; includeInIndex = 0; path = V2Tests.xctest; sourceTree = BUILT_PRODUCTS_DIR; };
		01AF7EDF2D769DB800289AE7 /* V2UITests.xctest */ = {isa = PBXFileReference; explicitFileType = wrapper.cfbundle; includeInIndex = 0; path = V2UITests.xctest; sourceTree = BUILT_PRODUCTS_DIR; };
/* End PBXFileReference section */

/* Begin PBXFileSystemSynchronizedRootGroup section */
		01AF7ECA2D769DB700289AE7 /* V2 */ = {
			isa = PBXFileSystemSynchronizedRootGroup;
			path = V2;
			sourceTree = "<group>";
		};
		01AF7ED82D769DB800289AE7 /* V2Tests */ = {
			isa = PBXFileSystemSynchronizedRootGroup;
			path = V2Tests;
			sourceTree = "<group>";
		};
		01AF7EE22D769DB800289AE7 /* V2UITests */ = {
			isa = PBXFileSystemSynchronizedRootGroup;
			path = V2UITests;
			sourceTree = "<group>";
		};
/* End PBXFileSystemSynchronizedRootGroup section */

/* Begin PBXFrameworksBuildPhase section */
		01AF7EC52D769DB700289AE7 /* Frameworks */ = {
			isa = PBXFrameworksBuildPhase;
			buildActionMask = 2147483647;
			files = (
				01AF804B2D77AA1000289AE7 /* PostgREST in Frameworks */,
				01AF80492D77AA1000289AE7 /* Functions in Frameworks */,
				01AF80512D77AA1000289AE7 /* Supabase in Frameworks */,
				01AF80472D77AA1000289AE7 /* Auth in Frameworks */,
				01AF804F2D77AA1000289AE7 /* Storage in Frameworks */,
				01AF804D2D77AA1000289AE7 /* Realtime in Frameworks */,
			);
			runOnlyForDeploymentPostprocessing = 0;
		};
		01AF7ED22D769DB800289AE7 /* Frameworks */ = {
			isa = PBXFrameworksBuildPhase;
			buildActionMask = 2147483647;
			files = (
			);
			runOnlyForDeploymentPostprocessing = 0;
		};
		01AF7EDC2D769DB800289AE7 /* Frameworks */ = {
			isa = PBXFrameworksBuildPhase;
			buildActionMask = 2147483647;
			files = (
			);
			runOnlyForDeploymentPostprocessing = 0;
		};
/* End PBXFrameworksBuildPhase section */

/* Begin PBXGroup section */
		01AF7EBF2D769DB700289AE7 = {
			isa = PBXGroup;
			children = (
				01AF7ECA2D769DB700289AE7 /* V2 */,
				01AF7ED82D769DB800289AE7 /* V2Tests */,
				01AF7EE22D769DB800289AE7 /* V2UITests */,
				01AF7EC92D769DB700289AE7 /* Products */,
			);
			sourceTree = "<group>";
		};
		01AF7EC92D769DB700289AE7 /* Products */ = {
			isa = PBXGroup;
			children = (
				01AF7EC82D769DB700289AE7 /* V2.app */,
				01AF7ED52D769DB800289AE7 /* V2Tests.xctest */,
				01AF7EDF2D769DB800289AE7 /* V2UITests.xctest */,
			);
			name = Products;
			sourceTree = "<group>";
		};
/* End PBXGroup section */

/* Begin PBXNativeTarget section */
		01AF7EC72D769DB700289AE7 /* V2 */ = {
			isa = PBXNativeTarget;
			buildConfigurationList = 01AF7EE92D769DB800289AE7 /* Build configuration list for PBXNativeTarget "V2" */;
			buildPhases = (
				01AF7EC42D769DB700289AE7 /* Sources */,
				01AF7EC52D769DB700289AE7 /* Frameworks */,
				01AF7EC62D769DB700289AE7 /* Resources */,
			);
			buildRules = (
			);
			dependencies = (
			);
			fileSystemSynchronizedGroups = (
				01AF7ECA2D769DB700289AE7 /* V2 */,
			);
			name = V2;
			packageProductDependencies = (
				01AF80462D77AA1000289AE7 /* Auth */,
				01AF80482D77AA1000289AE7 /* Functions */,
				01AF804A2D77AA1000289AE7 /* PostgREST */,
				01AF804C2D77AA1000289AE7 /* Realtime */,
				01AF804E2D77AA1000289AE7 /* Storage */,
				01AF80502D77AA1000289AE7 /* Supabase */,
			);
			productName = V2;
			productReference = 01AF7EC82D769DB700289AE7 /* V2.app */;
			productType = "com.apple.product-type.application";
		};
		01AF7ED42D769DB800289AE7 /* V2Tests */ = {
			isa = PBXNativeTarget;
			buildConfigurationList = 01AF7EEC2D769DB800289AE7 /* Build configuration list for PBXNativeTarget "V2Tests" */;
			buildPhases = (
				01AF7ED12D769DB800289AE7 /* Sources */,
				01AF7ED22D769DB800289AE7 /* Frameworks */,
				01AF7ED32D769DB800289AE7 /* Resources */,
			);
			buildRules = (
			);
			dependencies = (
				01AF7ED72D769DB800289AE7 /* PBXTargetDependency */,
			);
			fileSystemSynchronizedGroups = (
				01AF7ED82D769DB800289AE7 /* V2Tests */,
			);
			name = V2Tests;
			packageProductDependencies = (
			);
			productName = V2Tests;
			productReference = 01AF7ED52D769DB800289AE7 /* V2Tests.xctest */;
			productType = "com.apple.product-type.bundle.unit-test";
		};
		01AF7EDE2D769DB800289AE7 /* V2UITests */ = {
			isa = PBXNativeTarget;
			buildConfigurationList = 01AF7EEF2D769DB800289AE7 /* Build configuration list for PBXNativeTarget "V2UITests" */;
			buildPhases = (
				01AF7EDB2D769DB800289AE7 /* Sources */,
				01AF7EDC2D769DB800289AE7 /* Frameworks */,
				01AF7EDD2D769DB800289AE7 /* Resources */,
			);
			buildRules = (
			);
			dependencies = (
				01AF7EE12D769DB800289AE7 /* PBXTargetDependency */,
			);
			fileSystemSynchronizedGroups = (
				01AF7EE22D769DB800289AE7 /* V2UITests */,
			);
			name = V2UITests;
			packageProductDependencies = (
			);
			productName = V2UITests;
			productReference = 01AF7EDF2D769DB800289AE7 /* V2UITests.xctest */;
			productType = "com.apple.product-type.bundle.ui-testing";
		};
/* End PBXNativeTarget section */

/* Begin PBXProject section */
		01AF7EC02D769DB700289AE7 /* Project object */ = {
			isa = PBXProject;
			attributes = {
				BuildIndependentTargetsInParallel = 1;
				LastSwiftUpdateCheck = 1630;
				LastUpgradeCheck = 1630;
				TargetAttributes = {
					01AF7EC72D769DB700289AE7 = {
						CreatedOnToolsVersion = 16.3;
					};
					01AF7ED42D769DB800289AE7 = {
						CreatedOnToolsVersion = 16.3;
						TestTargetID = 01AF7EC72D769DB700289AE7;
					};
					01AF7EDE2D769DB800289AE7 = {
						CreatedOnToolsVersion = 16.3;
						TestTargetID = 01AF7EC72D769DB700289AE7;
					};
				};
			};
			buildConfigurationList = 01AF7EC32D769DB700289AE7 /* Build configuration list for PBXProject "V2" */;
			developmentRegion = en;
			hasScannedForEncodings = 0;
			knownRegions = (
				en,
				Base,
			);
			mainGroup = 01AF7EBF2D769DB700289AE7;
			minimizedProjectReferenceProxies = 1;
			packageReferences = (
				01AF80452D77AA1000289AE7 /* XCRemoteSwiftPackageReference "supabase-swift" */,
			);
			preferredProjectObjectVersion = 77;
			productRefGroup = 01AF7EC92D769DB700289AE7 /* Products */;
			projectDirPath = "";
			projectRoot = "";
			targets = (
				01AF7EC72D769DB700289AE7 /* V2 */,
				01AF7ED42D769DB800289AE7 /* V2Tests */,
				01AF7EDE2D769DB800289AE7 /* V2UITests */,
			);
		};
/* End PBXProject section */

/* Begin PBXResourcesBuildPhase section */
		01AF7EC62D769DB700289AE7 /* Resources */ = {
			isa = PBXResourcesBuildPhase;
			buildActionMask = 2147483647;
			files = (
			);
			runOnlyForDeploymentPostprocessing = 0;
		};
		01AF7ED32D769DB800289AE7 /* Resources */ = {
			isa = PBXResourcesBuildPhase;
			buildActionMask = 2147483647;
			files = (
			);
			runOnlyForDeploymentPostprocessing = 0;
		};
		01AF7EDD2D769DB800289AE7 /* Resources */ = {
			isa = PBXResourcesBuildPhase;
			buildActionMask = 2147483647;
			files = (
			);
			runOnlyForDeploymentPostprocessing = 0;
		};
/* End PBXResourcesBuildPhase section */

/* Begin PBXSourcesBuildPhase section */
		01AF7EC42D769DB700289AE7 /* Sources */ = {
			isa = PBXSourcesBuildPhase;
			buildActionMask = 2147483647;
			files = (
			);
			runOnlyForDeploymentPostprocessing = 0;
		};
		01AF7ED12D769DB800289AE7 /* Sources */ = {
			isa = PBXSourcesBuildPhase;
			buildActionMask = 2147483647;
			files = (
			);
			runOnlyForDeploymentPostprocessing = 0;
		};
		01AF7EDB2D769DB800289AE7 /* Sources */ = {
			isa = PBXSourcesBuildPhase;
			buildActionMask = 2147483647;
			files = (
			);
			runOnlyForDeploymentPostprocessing = 0;
		};
/* End PBXSourcesBuildPhase section */

/* Begin PBXTargetDependency section */
		01AF7ED72D769DB800289AE7 /* PBXTargetDependency */ = {
			isa = PBXTargetDependency;
			target = 01AF7EC72D769DB700289AE7 /* V2 */;
			targetProxy = 01AF7ED62D769DB800289AE7 /* PBXContainerItemProxy */;
		};
		01AF7EE12D769DB800289AE7 /* PBXTargetDependency */ = {
			isa = PBXTargetDependency;
			target = 01AF7EC72D769DB700289AE7 /* V2 */;
			targetProxy = 01AF7EE02D769DB800289AE7 /* PBXContainerItemProxy */;
		};
/* End PBXTargetDependency section */

/* Begin XCBuildConfiguration section */
		01AF7EE72D769DB800289AE7 /* Debug */ = {
			isa = XCBuildConfiguration;
			buildSettings = {
				ALWAYS_SEARCH_USER_PATHS = NO;
				ASSETCATALOG_COMPILER_GENERATE_SWIFT_ASSET_SYMBOL_EXTENSIONS = YES;
				CLANG_ANALYZER_NONNULL = YES;
				CLANG_ANALYZER_NUMBER_OBJECT_CONVERSION = YES_AGGRESSIVE;
				CLANG_CXX_LANGUAGE_STANDARD = "gnu++20";
				CLANG_ENABLE_MODULES = YES;
				CLANG_ENABLE_OBJC_ARC = YES;
				CLANG_ENABLE_OBJC_WEAK = YES;
				CLANG_WARN_BLOCK_CAPTURE_AUTORELEASING = YES;
				CLANG_WARN_BOOL_CONVERSION = YES;
				CLANG_WARN_COMMA = YES;
				CLANG_WARN_CONSTANT_CONVERSION = YES;
				CLANG_WARN_DEPRECATED_OBJC_IMPLEMENTATIONS = YES;
				CLANG_WARN_DIRECT_OBJC_ISA_USAGE = YES_ERROR;
				CLANG_WARN_DOCUMENTATION_COMMENTS = YES;
				CLANG_WARN_EMPTY_BODY = YES;
				CLANG_WARN_ENUM_CONVERSION = YES;
				CLANG_WARN_INFINITE_RECURSION = YES;
				CLANG_WARN_INT_CONVERSION = YES;
				CLANG_WARN_NON_LITERAL_NULL_CONVERSION = YES;
				CLANG_WARN_OBJC_IMPLICIT_RETAIN_SELF = YES;
				CLANG_WARN_OBJC_LITERAL_CONVERSION = YES;
				CLANG_WARN_OBJC_ROOT_CLASS = YES_ERROR;
				CLANG_WARN_QUOTED_INCLUDE_IN_FRAMEWORK_HEADER = YES;
				CLANG_WARN_RANGE_LOOP_ANALYSIS = YES;
				CLANG_WARN_STRICT_PROTOTYPES = YES;
				CLANG_WARN_SUSPICIOUS_MOVE = YES;
				CLANG_WARN_UNGUARDED_AVAILABILITY = YES_AGGRESSIVE;
				CLANG_WARN_UNREACHABLE_CODE = YES;
				CLANG_WARN__DUPLICATE_METHOD_MATCH = YES;
				COPY_PHASE_STRIP = NO;
				DEBUG_INFORMATION_FORMAT = dwarf;
				DEVELOPMENT_TEAM = 6363S2ARQR;
				ENABLE_STRICT_OBJC_MSGSEND = YES;
				ENABLE_TESTABILITY = YES;
				ENABLE_USER_SCRIPT_SANDBOXING = YES;
				GCC_C_LANGUAGE_STANDARD = gnu17;
				GCC_DYNAMIC_NO_PIC = NO;
				GCC_NO_COMMON_BLOCKS = YES;
				GCC_OPTIMIZATION_LEVEL = 0;
				GCC_PREPROCESSOR_DEFINITIONS = (
					"DEBUG=1",
					"$(inherited)",
				);
				GCC_WARN_64_TO_32_BIT_CONVERSION = YES;
				GCC_WARN_ABOUT_RETURN_TYPE = YES_ERROR;
				GCC_WARN_UNDECLARED_SELECTOR = YES;
				GCC_WARN_UNINITIALIZED_AUTOS = YES_AGGRESSIVE;
				GCC_WARN_UNUSED_FUNCTION = YES;
				GCC_WARN_UNUSED_VARIABLE = YES;
				IPHONEOS_DEPLOYMENT_TARGET = 18.4;
				LOCALIZATION_PREFERS_STRING_CATALOGS = YES;
				MTL_ENABLE_DEBUG_INFO = INCLUDE_SOURCE;
				MTL_FAST_MATH = YES;
				ONLY_ACTIVE_ARCH = YES;
				SDKROOT = iphoneos;
				SWIFT_ACTIVE_COMPILATION_CONDITIONS = "DEBUG $(inherited)";
				SWIFT_OPTIMIZATION_LEVEL = "-Onone";
			};
			name = Debug;
		};
		01AF7EE82D769DB800289AE7 /* Release */ = {
			isa = XCBuildConfiguration;
			buildSettings = {
				ALWAYS_SEARCH_USER_PATHS = NO;
				ASSETCATALOG_COMPILER_GENERATE_SWIFT_ASSET_SYMBOL_EXTENSIONS = YES;
				CLANG_ANALYZER_NONNULL = YES;
				CLANG_ANALYZER_NUMBER_OBJECT_CONVERSION = YES_AGGRESSIVE;
				CLANG_CXX_LANGUAGE_STANDARD = "gnu++20";
				CLANG_ENABLE_MODULES = YES;
				CLANG_ENABLE_OBJC_ARC = YES;
				CLANG_ENABLE_OBJC_WEAK = YES;
				CLANG_WARN_BLOCK_CAPTURE_AUTORELEASING = YES;
				CLANG_WARN_BOOL_CONVERSION = YES;
				CLANG_WARN_COMMA = YES;
				CLANG_WARN_CONSTANT_CONVERSION = YES;
				CLANG_WARN_DEPRECATED_OBJC_IMPLEMENTATIONS = YES;
				CLANG_WARN_DIRECT_OBJC_ISA_USAGE = YES_ERROR;
				CLANG_WARN_DOCUMENTATION_COMMENTS = YES;
				CLANG_WARN_EMPTY_BODY = YES;
				CLANG_WARN_ENUM_CONVERSION = YES;
				CLANG_WARN_INFINITE_RECURSION = YES;
				CLANG_WARN_INT_CONVERSION = YES;
				CLANG_WARN_NON_LITERAL_NULL_CONVERSION = YES;
				CLANG_WARN_OBJC_IMPLICIT_RETAIN_SELF = YES;
				CLANG_WARN_OBJC_LITERAL_CONVERSION = YES;
				CLANG_WARN_OBJC_ROOT_CLASS = YES_ERROR;
				CLANG_WARN_QUOTED_INCLUDE_IN_FRAMEWORK_HEADER = YES;
				CLANG_WARN_RANGE_LOOP_ANALYSIS = YES;
				CLANG_WARN_STRICT_PROTOTYPES = YES;
				CLANG_WARN_SUSPICIOUS_MOVE = YES;
				CLANG_WARN_UNGUARDED_AVAILABILITY = YES_AGGRESSIVE;
				CLANG_WARN_UNREACHABLE_CODE = YES;
				CLANG_WARN__DUPLICATE_METHOD_MATCH = YES;
				COPY_PHASE_STRIP = NO;
				DEBUG_INFORMATION_FORMAT = "dwarf-with-dsym";
				DEVELOPMENT_TEAM = 6363S2ARQR;
				ENABLE_NS_ASSERTIONS = NO;
				ENABLE_STRICT_OBJC_MSGSEND = YES;
				ENABLE_USER_SCRIPT_SANDBOXING = YES;
				GCC_C_LANGUAGE_STANDARD = gnu17;
				GCC_NO_COMMON_BLOCKS = YES;
				GCC_WARN_64_TO_32_BIT_CONVERSION = YES;
				GCC_WARN_ABOUT_RETURN_TYPE = YES_ERROR;
				GCC_WARN_UNDECLARED_SELECTOR = YES;
				GCC_WARN_UNINITIALIZED_AUTOS = YES_AGGRESSIVE;
				GCC_WARN_UNUSED_FUNCTION = YES;
				GCC_WARN_UNUSED_VARIABLE = YES;
				IPHONEOS_DEPLOYMENT_TARGET = 18.4;
				LOCALIZATION_PREFERS_STRING_CATALOGS = YES;
				MTL_ENABLE_DEBUG_INFO = NO;
				MTL_FAST_MATH = YES;
				SDKROOT = iphoneos;
				SWIFT_COMPILATION_MODE = wholemodule;
				VALIDATE_PRODUCT = YES;
			};
			name = Release;
		};
		01AF7EEA2D769DB800289AE7 /* Debug */ = {
			isa = XCBuildConfiguration;
			buildSettings = {
				ASSETCATALOG_COMPILER_APPICON_NAME = AppIcon;
				ASSETCATALOG_COMPILER_GLOBAL_ACCENT_COLOR_NAME = AccentColor;
				CODE_SIGN_STYLE = Automatic;
				CURRENT_PROJECT_VERSION = 1;
				DEVELOPMENT_TEAM = 6363S2ARQR;
				ENABLE_PREVIEWS = YES;
				GENERATE_INFOPLIST_FILE = YES;
				INFOPLIST_KEY_NSCameraUsageDescription = "We need access to your camera to take photos of your vehicles and profile.";
				INFOPLIST_KEY_NSLocationAlwaysAndWhenInUseUsageDescription = "We need your location to show nearby car meets and events.";
				INFOPLIST_KEY_NSLocationWhenInUseUsageDescription = "We need your location to show nearby car meets and events.";
				INFOPLIST_KEY_NSPhotoLibraryUsageDescription = "We need access to your photos to upload profile pictures and vehicle images.";
				INFOPLIST_KEY_UIApplicationSceneManifest_Generation = YES;
				INFOPLIST_KEY_UIApplicationSupportsIndirectInputEvents = YES;
				INFOPLIST_KEY_UILaunchScreen_Generation = YES;
				INFOPLIST_KEY_UISupportedInterfaceOrientations_iPad = "UIInterfaceOrientationPortrait UIInterfaceOrientationPortraitUpsideDown UIInterfaceOrientationLandscapeLeft UIInterfaceOrientationLandscapeRight";
				INFOPLIST_KEY_UISupportedInterfaceOrientations_iPhone = "UIInterfaceOrientationPortrait UIInterfaceOrientationLandscapeLeft UIInterfaceOrientationLandscapeRight";
				LD_RUNPATH_SEARCH_PATHS = (
					"$(inherited)",
					"@executable_path/Frameworks",
				);
				MARKETING_VERSION = 1.0;
				PRODUCT_BUNDLE_IDENTIFIER = com.nicholas.V2;
				PRODUCT_NAME = "$(TARGET_NAME)";
				SWIFT_EMIT_LOC_STRINGS = YES;
				SWIFT_VERSION = 5.0;
				TARGETED_DEVICE_FAMILY = "1,2";
			};
			name = Debug;
		};
		01AF7EEB2D769DB800289AE7 /* Release */ = {
			isa = XCBuildConfiguration;
			buildSettings = {
				ASSETCATALOG_COMPILER_APPICON_NAME = AppIcon;
				ASSETCATALOG_COMPILER_GLOBAL_ACCENT_COLOR_NAME = AccentColor;
				CODE_SIGN_STYLE = Automatic;
				CURRENT_PROJECT_VERSION = 1;
				DEVELOPMENT_TEAM = 6363S2ARQR;
				ENABLE_PREVIEWS = YES;
				GENERATE_INFOPLIST_FILE = YES;
				INFOPLIST_KEY_NSCameraUsageDescription = "We need access to your camera to take photos of your vehicles and profile.";
				INFOPLIST_KEY_NSLocationAlwaysAndWhenInUseUsageDescription = "We need your location to show nearby car meets and events.";
				INFOPLIST_KEY_NSLocationWhenInUseUsageDescription = "We need your location to show nearby car meets and events.";
				INFOPLIST_KEY_NSPhotoLibraryUsageDescription = "We need access to your photos to upload profile pictures and vehicle images.";
				INFOPLIST_KEY_UIApplicationSceneManifest_Generation = YES;
				INFOPLIST_KEY_UIApplicationSupportsIndirectInputEvents = YES;
				INFOPLIST_KEY_UILaunchScreen_Generation = YES;
				INFOPLIST_KEY_UISupportedInterfaceOrientations_iPad = "UIInterfaceOrientationPortrait UIInterfaceOrientationPortraitUpsideDown UIInterfaceOrientationLandscapeLeft UIInterfaceOrientationLandscapeRight";
				INFOPLIST_KEY_UISupportedInterfaceOrientations_iPhone = "UIInterfaceOrientationPortrait UIInterfaceOrientationLandscapeLeft UIInterfaceOrientationLandscapeRight";
				LD_RUNPATH_SEARCH_PATHS = (
					"$(inherited)",
					"@executable_path/Frameworks",
				);
				MARKETING_VERSION = 1.0;
				PRODUCT_BUNDLE_IDENTIFIER = com.nicholas.V2;
				PRODUCT_NAME = "$(TARGET_NAME)";
				SWIFT_EMIT_LOC_STRINGS = YES;
				SWIFT_VERSION = 5.0;
				TARGETED_DEVICE_FAMILY = "1,2";
			};
			name = Release;
		};
		01AF7EED2D769DB800289AE7 /* Debug */ = {
			isa = XCBuildConfiguration;
			buildSettings = {
				BUNDLE_LOADER = "$(TEST_HOST)";
				CODE_SIGN_STYLE = Automatic;
				CURRENT_PROJECT_VERSION = 1;
				DEVELOPMENT_TEAM = 6363S2ARQR;
				GENERATE_INFOPLIST_FILE = YES;
				IPHONEOS_DEPLOYMENT_TARGET = 18.4;
				MARKETING_VERSION = 1.0;
				PRODUCT_BUNDLE_IDENTIFIER = com.nicholas.V2Tests;
				PRODUCT_NAME = "$(TARGET_NAME)";
				SWIFT_EMIT_LOC_STRINGS = NO;
				SWIFT_VERSION = 5.0;
				TARGETED_DEVICE_FAMILY = "1,2";
				TEST_HOST = "$(BUILT_PRODUCTS_DIR)/V2.app/$(BUNDLE_EXECUTABLE_FOLDER_PATH)/V2";
			};
			name = Debug;
		};
		01AF7EEE2D769DB800289AE7 /* Release */ = {
			isa = XCBuildConfiguration;
			buildSettings = {
				BUNDLE_LOADER = "$(TEST_HOST)";
				CODE_SIGN_STYLE = Automatic;
				CURRENT_PROJECT_VERSION = 1;
				DEVELOPMENT_TEAM = 6363S2ARQR;
				GENERATE_INFOPLIST_FILE = YES;
				IPHONEOS_DEPLOYMENT_TARGET = 18.4;
				MARKETING_VERSION = 1.0;
				PRODUCT_BUNDLE_IDENTIFIER = com.nicholas.V2Tests;
				PRODUCT_NAME = "$(TARGET_NAME)";
				SWIFT_EMIT_LOC_STRINGS = NO;
				SWIFT_VERSION = 5.0;
				TARGETED_DEVICE_FAMILY = "1,2";
				TEST_HOST = "$(BUILT_PRODUCTS_DIR)/V2.app/$(BUNDLE_EXECUTABLE_FOLDER_PATH)/V2";
			};
			name = Release;
		};
		01AF7EF02D769DB800289AE7 /* Debug */ = {
			isa = XCBuildConfiguration;
			buildSettings = {
				CODE_SIGN_STYLE = Automatic;
				CURRENT_PROJECT_VERSION = 1;
				DEVELOPMENT_TEAM = 6363S2ARQR;
				GENERATE_INFOPLIST_FILE = YES;
				MARKETING_VERSION = 1.0;
				PRODUCT_BUNDLE_IDENTIFIER = com.nicholas.V2UITests;
				PRODUCT_NAME = "$(TARGET_NAME)";
				SWIFT_EMIT_LOC_STRINGS = NO;
				SWIFT_VERSION = 5.0;
				TARGETED_DEVICE_FAMILY = "1,2";
				TEST_TARGET_NAME = V2;
			};
			name = Debug;
		};
		01AF7EF12D769DB800289AE7 /* Release */ = {
			isa = XCBuildConfiguration;
			buildSettings = {
				CODE_SIGN_STYLE = Automatic;
				CURRENT_PROJECT_VERSION = 1;
				DEVELOPMENT_TEAM = 6363S2ARQR;
				GENERATE_INFOPLIST_FILE = YES;
				MARKETING_VERSION = 1.0;
				PRODUCT_BUNDLE_IDENTIFIER = com.nicholas.V2UITests;
				PRODUCT_NAME = "$(TARGET_NAME)";
				SWIFT_EMIT_LOC_STRINGS = NO;
				SWIFT_VERSION = 5.0;
				TARGETED_DEVICE_FAMILY = "1,2";
				TEST_TARGET_NAME = V2;
			};
			name = Release;
		};
/* End XCBuildConfiguration section */

/* Begin XCConfigurationList section */
		01AF7EC32D769DB700289AE7 /* Build configuration list for PBXProject "V2" */ = {
			isa = XCConfigurationList;
			buildConfigurations = (
				01AF7EE72D769DB800289AE7 /* Debug */,
				01AF7EE82D769DB800289AE7 /* Release */,
			);
			defaultConfigurationIsVisible = 0;
			defaultConfigurationName = Release;
		};
		01AF7EE92D769DB800289AE7 /* Build configuration list for PBXNativeTarget "V2" */ = {
			isa = XCConfigurationList;
			buildConfigurations = (
				01AF7EEA2D769DB800289AE7 /* Debug */,
				01AF7EEB2D769DB800289AE7 /* Release */,
			);
			defaultConfigurationIsVisible = 0;
			defaultConfigurationName = Release;
		};
		01AF7EEC2D769DB800289AE7 /* Build configuration list for PBXNativeTarget "V2Tests" */ = {
			isa = XCConfigurationList;
			buildConfigurations = (
				01AF7EED2D769DB800289AE7 /* Debug */,
				01AF7EEE2D769DB800289AE7 /* Release */,
			);
			defaultConfigurationIsVisible = 0;
			defaultConfigurationName = Release;
		};
		01AF7EEF2D769DB800289AE7 /* Build configuration list for PBXNativeTarget "V2UITests" */ = {
			isa = XCConfigurationList;
			buildConfigurations = (
				01AF7EF02D769DB800289AE7 /* Debug */,
				01AF7EF12D769DB800289AE7 /* Release */,
			);
			defaultConfigurationIsVisible = 0;
			defaultConfigurationName = Release;
		};
/* End XCConfigurationList section */

/* Begin XCRemoteSwiftPackageReference section */
		01AF80452D77AA1000289AE7 /* XCRemoteSwiftPackageReference "supabase-swift" */ = {
			isa = XCRemoteSwiftPackageReference;
			repositoryURL = "https://github.com/supabase-community/supabase-swift.git";
			requirement = {
				kind = upToNextMajorVersion;
				minimumVersion = 2.5.1;
			};
		};
/* End XCRemoteSwiftPackageReference section */

/* Begin XCSwiftPackageProductDependency section */
		01AF80462D77AA1000289AE7 /* Auth */ = {
			isa = XCSwiftPackageProductDependency;
			package = 01AF80452D77AA1000289AE7 /* XCRemoteSwiftPackageReference "supabase-swift" */;
			productName = Auth;
		};
		01AF80482D77AA1000289AE7 /* Functions */ = {
			isa = XCSwiftPackageProductDependency;
			package = 01AF80452D77AA1000289AE7 /* XCRemoteSwiftPackageReference "supabase-swift" */;
			productName = Functions;
		};
		01AF804A2D77AA1000289AE7 /* PostgREST */ = {
			isa = XCSwiftPackageProductDependency;
			package = 01AF80452D77AA1000289AE7 /* XCRemoteSwiftPackageReference "supabase-swift" */;
			productName = PostgREST;
		};
		01AF804C2D77AA1000289AE7 /* Realtime */ = {
			isa = XCSwiftPackageProductDependency;
			package = 01AF80452D77AA1000289AE7 /* XCRemoteSwiftPackageReference "supabase-swift" */;
			productName = Realtime;
		};
		01AF804E2D77AA1000289AE7 /* Storage */ = {
			isa = XCSwiftPackageProductDependency;
			package = 01AF80452D77AA1000289AE7 /* XCRemoteSwiftPackageReference "supabase-swift" */;
			productName = Storage;
		};
		01AF80502D77AA1000289AE7 /* Supabase */ = {
			isa = XCSwiftPackageProductDependency;
			package = 01AF80452D77AA1000289AE7 /* XCRemoteSwiftPackageReference "supabase-swift" */;
			productName = Supabase;
		};
/* End XCSwiftPackageProductDependency section */
	};
	rootObject = 01AF7EC02D769DB700289AE7 /* Project object */;
}
